
Microsoft Visual Studio Solution File, Format Version 12.00
# Visual Studio Version 17
VisualStudioVersion = 17.8.34525.116
MinimumVisualStudioVersion = 10.0.40219.1
Project("{FAE04EC0-301F-11D3-BF4B-00C04F79EFBC}") = "DTOs", "DTOs\DTOs.csproj", "{86258744-7CC6-4847-A238-3424962221C1}"
EndProject
Project("{2150E333-8FDC-42A3-9474-1A3956D46DE8}") = "0_DTOs", "0_DTOs", "{4642484A-3BE7-4E25-9C9A-027264034758}"
EndProject
Project("{2150E333-8FDC-42A3-9474-1A3956D46DE8}") = "1_DataAccess", "1_DataAccess", "{A38381A6-4FBD-4700-BA1B-6F5F7A7D04B6}"
EndProject
Project("{2150E333-8FDC-42A3-9474-1A3956D46DE8}") = "2_CoreApp", "2_CoreApp", "{AD8D7F58-6D2F-4439-A7CE-27DE956A50D7}"
EndProject
Project("{2150E333-8FDC-42A3-9474-1A3956D46DE8}") = "3_API", "3_API", "{B2CA602D-21ED-4E0D-AE77-7179D3FB65AB}"
EndProject
Project("{2150E333-8FDC-42A3-9474-1A3956D46DE8}") = "4_WebApp", "4_WebApp", "{308895B6-C9D1-40EB-96BE-BFB47005D686}"
EndProject
Project("{FAE04EC0-301F-11D3-BF4B-00C04F79EFBC}") = "DataAccess", "DataAccess\DataAccess.csproj", "{A6C90129-6944-461B-8888-3800EEC90015}"
EndProject
Project("{FAE04EC0-301F-11D3-BF4B-00C04F79EFBC}") = "CoreApp", "CoreApp\CoreApp.csproj", "{D30A2747-2E7C-498C-A5B2-80193C5380F8}"
EndProject
Project("{FAE04EC0-301F-11D3-BF4B-00C04F79EFBC}") = "WebApi", "WebApi\WebApi.csproj", "{8B214A18-1EDF-4062-84BB-3E84C4E7841E}"
EndProject
Project("{FAE04EC0-301F-11D3-BF4B-00C04F79EFBC}") = "WebApp", "WebApp\WebApp.csproj", "{2C1375F2-AEDA-4257-A5D5-BCB4EA0D5CBA}"
EndProject
Global
	GlobalSection(SolutionConfigurationPlatforms) = preSolution
		Debug|Any CPU = Debug|Any CPU
		Release|Any CPU = Release|Any CPU
	EndGlobalSection
	GlobalSection(ProjectConfigurationPlatforms) = postSolution
		{86258744-7CC6-4847-A238-3424962221C1}.Debug|Any CPU.ActiveCfg = Debug|Any CPU
		{86258744-7CC6-4847-A238-3424962221C1}.Debug|Any CPU.Build.0 = Debug|Any CPU
		{86258744-7CC6-4847-A238-3424962221C1}.Release|Any CPU.ActiveCfg = Release|Any CPU
		{86258744-7CC6-4847-A238-3424962221C1}.Release|Any CPU.Build.0 = Release|Any CPU
		{A6C90129-6944-461B-8888-3800EEC90015}.Debug|Any CPU.ActiveCfg = Debug|Any CPU
		{A6C90129-6944-461B-8888-3800EEC90015}.Debug|Any CPU.Build.0 = Debug|Any CPU
		{A6C90129-6944-461B-8888-3800EEC90015}.Release|Any CPU.ActiveCfg = Release|Any CPU
		{A6C90129-6944-461B-8888-3800EEC90015}.Release|Any CPU.Build.0 = Release|Any CPU
		{D30A2747-2E7C-498C-A5B2-80193C5380F8}.Debug|Any CPU.ActiveCfg = Debug|Any CPU
		{D30A2747-2E7C-498C-A5B2-80193C5380F8}.Debug|Any CPU.Build.0 = Debug|Any CPU
		{D30A2747-2E7C-498C-A5B2-80193C5380F8}.Release|Any CPU.ActiveCfg = Release|Any CPU
		{D30A2747-2E7C-498C-A5B2-80193C5380F8}.Release|Any CPU.Build.0 = Release|Any CPU
		{8B214A18-1EDF-4062-84BB-3E84C4E7841E}.Debug|Any CPU.ActiveCfg = Debug|Any CPU
		{8B214A18-1EDF-4062-84BB-3E84C4E7841E}.Debug|Any CPU.Build.0 = Debug|Any CPU
		{8B214A18-1EDF-4062-84BB-3E84C4E7841E}.Release|Any CPU.ActiveCfg = Release|Any CPU
		{8B214A18-1EDF-4062-84BB-3E84C4E7841E}.Release|Any CPU.Build.0 = Release|Any CPU
		{2C1375F2-AEDA-4257-A5D5-BCB4EA0D5CBA}.Debug|Any CPU.ActiveCfg = Debug|Any CPU
		{2C1375F2-AEDA-4257-A5D5-BCB4EA0D5CBA}.Debug|Any CPU.Build.0 = Debug|Any CPU
		{2C1375F2-AEDA-4257-A5D5-BCB4EA0D5CBA}.Release|Any CPU.ActiveCfg = Release|Any CPU
		{2C1375F2-AEDA-4257-A5D5-BCB4EA0D5CBA}.Release|Any CPU.Build.0 = Release|Any CPU
	EndGlobalSection
	GlobalSection(SolutionProperties) = preSolution
		HideSolutionNode = FALSE
	EndGlobalSection
	GlobalSection(NestedProjects) = preSolution
		{86258744-7CC6-4847-A238-3424962221C1} = {4642484A-3BE7-4E25-9C9A-027264034758}
		{A6C90129-6944-461B-8888-3800EEC90015} = {A38381A6-4FBD-4700-BA1B-6F5F7A7D04B6}
		{D30A2747-2E7C-498C-A5B2-80193C5380F8} = {AD8D7F58-6D2F-4439-A7CE-27DE956A50D7}
		{8B214A18-1EDF-4062-84BB-3E84C4E7841E} = {B2CA602D-21ED-4E0D-AE77-7179D3FB65AB}
		{2C1375F2-AEDA-4257-A5D5-BCB4EA0D5CBA} = {308895B6-C9D1-40EB-96BE-BFB47005D686}
	EndGlobalSection
	GlobalSection(ExtensibilityGlobals) = postSolution
		SolutionGuid = {D7F57BC2-9EFA-4482-A71F-E0400E0B48F9}
	EndGlobalSection
EndGlobal
